
Microsoft Visual Studio Solution File, Format Version 12.00
# Visual Studio Version 16
VisualStudioVersion = 16.0.30225.117
MinimumVisualStudioVersion = 10.0.40219.1
Project("{FAE04EC0-301F-11D3-BF4B-00C04F79EFBC}") = "IsItKosherWebService", "IsItKosherWebService\IsItKosherWebService.csproj", "{95119D5A-F2BE-4AEF-91DF-AA0803F4AF2C}"
EndProject
Global
	GlobalSection(SolutionConfigurationPlatforms) = preSolution
		Debug|Any CPU = Debug|Any CPU
		Release|Any CPU = Release|Any CPU
	EndGlobalSection
	GlobalSection(ProjectConfigurationPlatforms) = postSolution
		{95119D5A-F2BE-4AEF-91DF-AA0803F4AF2C}.Debug|Any CPU.ActiveCfg = Debug|Any CPU
		{95119D5A-F2BE-4AEF-91DF-AA0803F4AF2C}.Debug|Any CPU.Build.0 = Debug|Any CPU
		{95119D5A-F2BE-4AEF-91DF-AA0803F4AF2C}.Release|Any CPU.ActiveCfg = Release|Any CPU
		{95119D5A-F2BE-4AEF-91DF-AA0803F4AF2C}.Release|Any CPU.Build.0 = Release|Any CPU
	EndGlobalSection
	GlobalSection(SolutionProperties) = preSolution
		HideSolutionNode = FALSE
	EndGlobalSection
	GlobalSection(ExtensibilityGlobals) = postSolution
		SolutionGuid = {9CBC08FE-B6F6-4E9C-BC30-6D78C602DDC1}
	EndGlobalSection
EndGlobal
